
Microsoft Visual Studio Solution File, Format Version 12.00
# Visual Studio Version 16
VisualStudioVersion = 16.0.30011.22
MinimumVisualStudioVersion = 10.0.40219.1
Project("{8BC9CEB8-8B4A-11D0-8D11-00A0C91BC942}") = "Ricardo_Alonzo_Ugalde_PDS_Week_6_HW", "Ricardo_Alonzo_Ugalde_PDS_Week_6_HW.vcxproj", "{F429E8F8-5999-4E5C-A0BB-7C4B3DB9C0B2}"
EndProject
Global
	GlobalSection(SolutionConfigurationPlatforms) = preSolution
		Debug|x64 = Debug|x64
		Debug|x86 = Debug|x86
		Release|x64 = Release|x64
		Release|x86 = Release|x86
	EndGlobalSection
	GlobalSection(ProjectConfigurationPlatforms) = postSolution
		{F429E8F8-5999-4E5C-A0BB-7C4B3DB9C0B2}.Debug|x64.ActiveCfg = Debug|x64
		{F429E8F8-5999-4E5C-A0BB-7C4B3DB9C0B2}.Debug|x64.Build.0 = Debug|x64
		{F429E8F8-5999-4E5C-A0BB-7C4B3DB9C0B2}.Debug|x86.ActiveCfg = Debug|Win32
		{F429E8F8-5999-4E5C-A0BB-7C4B3DB9C0B2}.Debug|x86.Build.0 = Debug|Win32
		{F429E8F8-5999-4E5C-A0BB-7C4B3DB9C0B2}.Release|x64.ActiveCfg = Release|x64
		{F429E8F8-5999-4E5C-A0BB-7C4B3DB9C0B2}.Release|x64.Build.0 = Release|x64
		{F429E8F8-5999-4E5C-A0BB-7C4B3DB9C0B2}.Release|x86.ActiveCfg = Release|Win32
		{F429E8F8-5999-4E5C-A0BB-7C4B3DB9C0B2}.Release|x86.Build.0 = Release|Win32
	EndGlobalSection
	GlobalSection(SolutionProperties) = preSolution
		HideSolutionNode = FALSE
	EndGlobalSection
	GlobalSection(ExtensibilityGlobals) = postSolution
		SolutionGuid = {65BA4767-27B4-4B3E-ACD6-A9A28E7113C0}
	EndGlobalSection
EndGlobal
